{
  "requires": true,
  "lockfileVersion": 1,
  "dependencies": {
    "ng2-truncate": {
      "version": "1.3.17",
      "resolved": "https://registry.npmjs.org/ng2-truncate/-/ng2-truncate-1.3.17.tgz",
      "integrity": "sha512-VnydH87YQdT+voMTZEPhWsaMXmkqHJzW7xZZDfmpy0ERcskhZQINELwolCxShye2x8nsZyiv73XC2xFlsL1USw==",
      "dev": true
    }
  }
}
